// !$*UTF8*$!
{
	archiveVersion = 1;
	classes = {
	};
	objectVersion = 55;
	objects = {

/* Begin PBXBuildFile section */
		03D5982629AB060600509772 /* AppDelegate.swift in Sources */ = {isa = PBXBuildFile; fileRef = 03D5982529AB060600509772 /* AppDelegate.swift */; };
		03D5982829AB060600509772 /* SceneDelegate.swift in Sources */ = {isa = PBXBuildFile; fileRef = 03D5982729AB060600509772 /* SceneDelegate.swift */; };
		03D5982A29AB060600509772 /* ViewController.swift in Sources */ = {isa = PBXBuildFile; fileRef = 03D5982929AB060600509772 /* ViewController.swift */; };
		03D5982D29AB060600509772 /* Main.storyboard in Resources */ = {isa = PBXBuildFile; fileRef = 03D5982B29AB060600509772 /* Main.storyboard */; };
		03D5982F29AB060B00509772 /* Assets.xcassets in Resources */ = {isa = PBXBuildFile; fileRef = 03D5982E29AB060B00509772 /* Assets.xcassets */; };
		03D5983229AB060B00509772 /* LaunchScreen.storyboard in Resources */ = {isa = PBXBuildFile; fileRef = 03D5983029AB060B00509772 /* LaunchScreen.storyboard */; };
		03D5983B29B0040A00509772 /* PlaylistModel.swift in Sources */ = {isa = PBXBuildFile; fileRef = 03D5983A29B0040A00509772 /* PlaylistModel.swift */; };
		03D5983D29B1BFFE00509772 /* VideoModel.swift in Sources */ = {isa = PBXBuildFile; fileRef = 03D5983C29B1BFFE00509772 /* VideoModel.swift */; };
		03D5984029B1C61F00509772 /* RootPageViewController.swift in Sources */ = {isa = PBXBuildFile; fileRef = 03D5983F29B1C61F00509772 /* RootPageViewController.swift */; };
		03D5984229B1C63500509772 /* MainViewController.swift in Sources */ = {isa = PBXBuildFile; fileRef = 03D5984129B1C63500509772 /* MainViewController.swift */; };
		03D5984A29B1C86E00509772 /* HomeViewController.swift in Sources */ = {isa = PBXBuildFile; fileRef = 03D5984829B1C86E00509772 /* HomeViewController.swift */; };
		03D5984B29B1C86E00509772 /* HomeViewController.xib in Resources */ = {isa = PBXBuildFile; fileRef = 03D5984929B1C86E00509772 /* HomeViewController.xib */; };
		03D5984E29B1C88800509772 /* VideosViewController.swift in Sources */ = {isa = PBXBuildFile; fileRef = 03D5984C29B1C88700509772 /* VideosViewController.swift */; };
		03D5984F29B1C88800509772 /* VideosViewController.xib in Resources */ = {isa = PBXBuildFile; fileRef = 03D5984D29B1C88700509772 /* VideosViewController.xib */; };
		03D5985229B1C89800509772 /* PlayListViewController.swift in Sources */ = {isa = PBXBuildFile; fileRef = 03D5985029B1C89800509772 /* PlayListViewController.swift */; };
		03D5985329B1C89800509772 /* PlayListViewController.xib in Resources */ = {isa = PBXBuildFile; fileRef = 03D5985129B1C89800509772 /* PlayListViewController.xib */; };
		03D5985629B1C8A800509772 /* ChannelsViewController.swift in Sources */ = {isa = PBXBuildFile; fileRef = 03D5985429B1C8A800509772 /* ChannelsViewController.swift */; };
		03D5985729B1C8A800509772 /* ChannelsViewController.xib in Resources */ = {isa = PBXBuildFile; fileRef = 03D5985529B1C8A800509772 /* ChannelsViewController.xib */; };
		03D5985A29B1C8B700509772 /* AboutViewController.swift in Sources */ = {isa = PBXBuildFile; fileRef = 03D5985829B1C8B700509772 /* AboutViewController.swift */; };
		03D5985B29B1C8B700509772 /* AboutViewController.xib in Resources */ = {isa = PBXBuildFile; fileRef = 03D5985929B1C8B700509772 /* AboutViewController.xib */; };
		03D5985E29B1D19600509772 /* ServiceLayer.swift in Sources */ = {isa = PBXBuildFile; fileRef = 03D5985D29B1D19600509772 /* ServiceLayer.swift */; };
		03D5986029B1D1CA00509772 /* NetworkError.swift in Sources */ = {isa = PBXBuildFile; fileRef = 03D5985F29B1D1CA00509772 /* NetworkError.swift */; };
		03D5986229B1D29600509772 /* RequestModel.swift in Sources */ = {isa = PBXBuildFile; fileRef = 03D5986129B1D29600509772 /* RequestModel.swift */; };
		03D5986529B1D3EC00509772 /* Constants.swift in Sources */ = {isa = PBXBuildFile; fileRef = 03D5986429B1D3EC00509772 /* Constants.swift */; };
		03D5986B29B1D9BD00509772 /* HomeProvider.swift in Sources */ = {isa = PBXBuildFile; fileRef = 03D5986A29B1D9BD00509772 /* HomeProvider.swift */; };
		03D5986D29B1DC0400509772 /* HomePresenter.swift in Sources */ = {isa = PBXBuildFile; fileRef = 03D5986C29B1DC0400509772 /* HomePresenter.swift */; };
		03D5986F29B1E20B00509772 /* ChannelModel.swift in Sources */ = {isa = PBXBuildFile; fileRef = 03D5986E29B1E20B00509772 /* ChannelModel.swift */; };
		03D5987129B1E4BA00509772 /* PlaylistItemsModel.swift in Sources */ = {isa = PBXBuildFile; fileRef = 03D5987029B1E4BA00509772 /* PlaylistItemsModel.swift */; };
		03D5987329D56F9300509772 /* HomeProvideMock.swift in Sources */ = {isa = PBXBuildFile; fileRef = 03D5987229D56F9200509772 /* HomeProvideMock.swift */; };
		03D5987629D56FD100509772 /* Utils.swift in Sources */ = {isa = PBXBuildFile; fileRef = 03D5987529D56FD000509772 /* Utils.swift */; };
		03D5987829D571D500509772 /* Channel.json in Resources */ = {isa = PBXBuildFile; fileRef = 03D5987729D571D500509772 /* Channel.json */; };
		03D5987A29D571FB00509772 /* PlayList.json in Resources */ = {isa = PBXBuildFile; fileRef = 03D5987929D571FB00509772 /* PlayList.json */; };
		03D5987C29D5722700509772 /* PlayListItems.json in Resources */ = {isa = PBXBuildFile; fileRef = 03D5987B29D5722700509772 /* PlayListItems.json */; };
		03D5987E29D5724D00509772 /* SearchVideos.json in Resources */ = {isa = PBXBuildFile; fileRef = 03D5987D29D5724D00509772 /* SearchVideos.json */; };
		03D5988029D5737200509772 /* VideoOnlyOne.json in Resources */ = {isa = PBXBuildFile; fileRef = 03D5987F29D5737200509772 /* VideoOnlyOne.json */; };
		03D5988329D5781800509772 /* MockManager.swift in Sources */ = {isa = PBXBuildFile; fileRef = 03D5988229D5781800509772 /* MockManager.swift */; };
/* End PBXBuildFile section */

/* Begin PBXFileReference section */
		03D5982229AB060600509772 /* YoutubeClone.app */ = {isa = PBXFileReference; explicitFileType = wrapper.application; includeInIndex = 0; path = YoutubeClone.app; sourceTree = BUILT_PRODUCTS_DIR; };
		03D5982529AB060600509772 /* AppDelegate.swift */ = {isa = PBXFileReference; lastKnownFileType = sourcecode.swift; path = AppDelegate.swift; sourceTree = "<group>"; };
		03D5982729AB060600509772 /* SceneDelegate.swift */ = {isa = PBXFileReference; lastKnownFileType = sourcecode.swift; path = SceneDelegate.swift; sourceTree = "<group>"; };
		03D5982929AB060600509772 /* ViewController.swift */ = {isa = PBXFileReference; lastKnownFileType = sourcecode.swift; path = ViewController.swift; sourceTree = "<group>"; };
		03D5982C29AB060600509772 /* Base */ = {isa = PBXFileReference; lastKnownFileType = file.storyboard; name = Base; path = Base.lproj/Main.storyboard; sourceTree = "<group>"; };
		03D5982E29AB060B00509772 /* Assets.xcassets */ = {isa = PBXFileReference; lastKnownFileType = folder.assetcatalog; path = Assets.xcassets; sourceTree = "<group>"; };
		03D5983129AB060B00509772 /* Base */ = {isa = PBXFileReference; lastKnownFileType = file.storyboard; name = Base; path = Base.lproj/LaunchScreen.storyboard; sourceTree = "<group>"; };
		03D5983329AB060B00509772 /* Info.plist */ = {isa = PBXFileReference; lastKnownFileType = text.plist.xml; path = Info.plist; sourceTree = "<group>"; };
		03D5983A29B0040A00509772 /* PlaylistModel.swift */ = {isa = PBXFileReference; lastKnownFileType = sourcecode.swift; path = PlaylistModel.swift; sourceTree = "<group>"; };
		03D5983C29B1BFFE00509772 /* VideoModel.swift */ = {isa = PBXFileReference; lastKnownFileType = sourcecode.swift; path = VideoModel.swift; sourceTree = "<group>"; };
		03D5983F29B1C61F00509772 /* RootPageViewController.swift */ = {isa = PBXFileReference; lastKnownFileType = sourcecode.swift; path = RootPageViewController.swift; sourceTree = "<group>"; };
		03D5984129B1C63500509772 /* MainViewController.swift */ = {isa = PBXFileReference; lastKnownFileType = sourcecode.swift; path = MainViewController.swift; sourceTree = "<group>"; };
		03D5984829B1C86E00509772 /* HomeViewController.swift */ = {isa = PBXFileReference; lastKnownFileType = sourcecode.swift; path = HomeViewController.swift; sourceTree = "<group>"; };
		03D5984929B1C86E00509772 /* HomeViewController.xib */ = {isa = PBXFileReference; lastKnownFileType = file.xib; path = HomeViewController.xib; sourceTree = "<group>"; };
		03D5984C29B1C88700509772 /* VideosViewController.swift */ = {isa = PBXFileReference; lastKnownFileType = sourcecode.swift; path = VideosViewController.swift; sourceTree = "<group>"; };
		03D5984D29B1C88700509772 /* VideosViewController.xib */ = {isa = PBXFileReference; lastKnownFileType = file.xib; path = VideosViewController.xib; sourceTree = "<group>"; };
		03D5985029B1C89800509772 /* PlayListViewController.swift */ = {isa = PBXFileReference; lastKnownFileType = sourcecode.swift; path = PlayListViewController.swift; sourceTree = "<group>"; };
		03D5985129B1C89800509772 /* PlayListViewController.xib */ = {isa = PBXFileReference; lastKnownFileType = file.xib; path = PlayListViewController.xib; sourceTree = "<group>"; };
		03D5985429B1C8A800509772 /* ChannelsViewController.swift */ = {isa = PBXFileReference; lastKnownFileType = sourcecode.swift; path = ChannelsViewController.swift; sourceTree = "<group>"; };
		03D5985529B1C8A800509772 /* ChannelsViewController.xib */ = {isa = PBXFileReference; lastKnownFileType = file.xib; path = ChannelsViewController.xib; sourceTree = "<group>"; };
		03D5985829B1C8B700509772 /* AboutViewController.swift */ = {isa = PBXFileReference; lastKnownFileType = sourcecode.swift; path = AboutViewController.swift; sourceTree = "<group>"; };
		03D5985929B1C8B700509772 /* AboutViewController.xib */ = {isa = PBXFileReference; lastKnownFileType = file.xib; path = AboutViewController.xib; sourceTree = "<group>"; };
		03D5985D29B1D19600509772 /* ServiceLayer.swift */ = {isa = PBXFileReference; lastKnownFileType = sourcecode.swift; path = ServiceLayer.swift; sourceTree = "<group>"; };
		03D5985F29B1D1CA00509772 /* NetworkError.swift */ = {isa = PBXFileReference; lastKnownFileType = sourcecode.swift; path = NetworkError.swift; sourceTree = "<group>"; };
		03D5986129B1D29600509772 /* RequestModel.swift */ = {isa = PBXFileReference; lastKnownFileType = sourcecode.swift; path = RequestModel.swift; sourceTree = "<group>"; };
		03D5986429B1D3EC00509772 /* Constants.swift */ = {isa = PBXFileReference; lastKnownFileType = sourcecode.swift; path = Constants.swift; sourceTree = "<group>"; };
		03D5986A29B1D9BD00509772 /* HomeProvider.swift */ = {isa = PBXFileReference; lastKnownFileType = sourcecode.swift; path = HomeProvider.swift; sourceTree = "<group>"; };
		03D5986C29B1DC0400509772 /* HomePresenter.swift */ = {isa = PBXFileReference; lastKnownFileType = sourcecode.swift; path = HomePresenter.swift; sourceTree = "<group>"; };
		03D5986E29B1E20B00509772 /* ChannelModel.swift */ = {isa = PBXFileReference; lastKnownFileType = sourcecode.swift; path = ChannelModel.swift; sourceTree = "<group>"; };
		03D5987029B1E4BA00509772 /* PlaylistItemsModel.swift */ = {isa = PBXFileReference; lastKnownFileType = sourcecode.swift; path = PlaylistItemsModel.swift; sourceTree = "<group>"; };
		03D5987229D56F9200509772 /* HomeProvideMock.swift */ = {isa = PBXFileReference; lastKnownFileType = sourcecode.swift; path = HomeProvideMock.swift; sourceTree = "<group>"; };
		03D5987529D56FD000509772 /* Utils.swift */ = {isa = PBXFileReference; lastKnownFileType = sourcecode.swift; path = Utils.swift; sourceTree = "<group>"; };
		03D5987729D571D500509772 /* Channel.json */ = {isa = PBXFileReference; lastKnownFileType = text.json; path = Channel.json; sourceTree = "<group>"; };
		03D5987929D571FB00509772 /* PlayList.json */ = {isa = PBXFileReference; lastKnownFileType = text.json; path = PlayList.json; sourceTree = "<group>"; };
		03D5987B29D5722700509772 /* PlayListItems.json */ = {isa = PBXFileReference; lastKnownFileType = text.json; path = PlayListItems.json; sourceTree = "<group>"; };
		03D5987D29D5724D00509772 /* SearchVideos.json */ = {isa = PBXFileReference; lastKnownFileType = text.json; path = SearchVideos.json; sourceTree = "<group>"; };
		03D5987F29D5737200509772 /* VideoOnlyOne.json */ = {isa = PBXFileReference; lastKnownFileType = text.json; path = VideoOnlyOne.json; sourceTree = "<group>"; };
		03D5988229D5781800509772 /* MockManager.swift */ = {isa = PBXFileReference; lastKnownFileType = sourcecode.swift; path = MockManager.swift; sourceTree = "<group>"; };
/* End PBXFileReference section */

/* Begin PBXFrameworksBuildPhase section */
		03D5981F29AB060600509772 /* Frameworks */ = {
			isa = PBXFrameworksBuildPhase;
			buildActionMask = 2147483647;
			files = (
			);
			runOnlyForDeploymentPostprocessing = 0;
		};
/* End PBXFrameworksBuildPhase section */

/* Begin PBXGroup section */
		03D5981929AB060600509772 = {
			isa = PBXGroup;
			children = (
				03D5982429AB060600509772 /* YoutubeClone */,
				03D5982329AB060600509772 /* Products */,
			);
			sourceTree = "<group>";
		};
		03D5982329AB060600509772 /* Products */ = {
			isa = PBXGroup;
			children = (
				03D5982229AB060600509772 /* YoutubeClone.app */,
			);
			name = Products;
			sourceTree = "<group>";
		};
		03D5982429AB060600509772 /* YoutubeClone */ = {
			isa = PBXGroup;
			children = (
				03D5986329B1D3D400509772 /* Utils */,
				03D5985C29B1D15100509772 /* ServiceLayer */,
				03D5984729B1C84400509772 /* About */,
				03D5984629B1C83B00509772 /* Channels */,
				03D5984529B1C82C00509772 /* PlayList */,
				03D5984429B1C82300509772 /* Videos */,
				03D5984329B1C7FF00509772 /* Home */,
				03D5983E29B1C5E600509772 /* Main */,
				03D5983929B003DC00509772 /* Model */,
				03D5982529AB060600509772 /* AppDelegate.swift */,
				03D5982729AB060600509772 /* SceneDelegate.swift */,
				03D5982929AB060600509772 /* ViewController.swift */,
				03D5982B29AB060600509772 /* Main.storyboard */,
				03D5982E29AB060B00509772 /* Assets.xcassets */,
				03D5983029AB060B00509772 /* LaunchScreen.storyboard */,
				03D5983329AB060B00509772 /* Info.plist */,
			);
			path = YoutubeClone;
			sourceTree = "<group>";
		};
		03D5983929B003DC00509772 /* Model */ = {
			isa = PBXGroup;
			children = (
				03D5983A29B0040A00509772 /* PlaylistModel.swift */,
				03D5983C29B1BFFE00509772 /* VideoModel.swift */,
				03D5986E29B1E20B00509772 /* ChannelModel.swift */,
				03D5987029B1E4BA00509772 /* PlaylistItemsModel.swift */,
			);
			path = Model;
			sourceTree = "<group>";
		};
		03D5983E29B1C5E600509772 /* Main */ = {
			isa = PBXGroup;
			children = (
				03D5983F29B1C61F00509772 /* RootPageViewController.swift */,
				03D5984129B1C63500509772 /* MainViewController.swift */,
			);
			path = Main;
			sourceTree = "<group>";
		};
		03D5984329B1C7FF00509772 /* Home */ = {
			isa = PBXGroup;
			children = (
				03D5986829B1D98300509772 /* Presenter */,
				03D5986729B1D97200509772 /* View */,
				03D5986629B1D96600509772 /* Model */,
			);
			path = Home;
			sourceTree = "<group>";
		};
		03D5984429B1C82300509772 /* Videos */ = {
			isa = PBXGroup;
			children = (
				03D5984C29B1C88700509772 /* VideosViewController.swift */,
				03D5984D29B1C88700509772 /* VideosViewController.xib */,
			);
			path = Videos;
			sourceTree = "<group>";
		};
		03D5984529B1C82C00509772 /* PlayList */ = {
			isa = PBXGroup;
			children = (
				03D5985029B1C89800509772 /* PlayListViewController.swift */,
				03D5985129B1C89800509772 /* PlayListViewController.xib */,
			);
			path = PlayList;
			sourceTree = "<group>";
		};
		03D5984629B1C83B00509772 /* Channels */ = {
			isa = PBXGroup;
			children = (
				03D5985429B1C8A800509772 /* ChannelsViewController.swift */,
				03D5985529B1C8A800509772 /* ChannelsViewController.xib */,
			);
			path = Channels;
			sourceTree = "<group>";
		};
		03D5984729B1C84400509772 /* About */ = {
			isa = PBXGroup;
			children = (
				03D5985829B1C8B700509772 /* AboutViewController.swift */,
				03D5985929B1C8B700509772 /* AboutViewController.xib */,
			);
			path = About;
			sourceTree = "<group>";
		};
		03D5985C29B1D15100509772 /* ServiceLayer */ = {
			isa = PBXGroup;
			children = (
				03D5985D29B1D19600509772 /* ServiceLayer.swift */,
				03D5985F29B1D1CA00509772 /* NetworkError.swift */,
				03D5986129B1D29600509772 /* RequestModel.swift */,
			);
			path = ServiceLayer;
			sourceTree = "<group>";
		};
		03D5986329B1D3D400509772 /* Utils */ = {
			isa = PBXGroup;
			children = (
				03D5988229D5781800509772 /* MockManager.swift */,
				03D5987429D56FBA00509772 /* Mock */,
				03D5986429B1D3EC00509772 /* Constants.swift */,
				03D5987529D56FD000509772 /* Utils.swift */,
			);
			path = Utils;
			sourceTree = "<group>";
		};
		03D5986629B1D96600509772 /* Model */ = {
			isa = PBXGroup;
			children = (
				03D5986929B1D9A500509772 /* Provider */,
			);
			path = Model;
			sourceTree = "<group>";
		};
		03D5986729B1D97200509772 /* View */ = {
			isa = PBXGroup;
			children = (
				03D5984829B1C86E00509772 /* HomeViewController.swift */,
				03D5984929B1C86E00509772 /* HomeViewController.xib */,
			);
			path = View;
			sourceTree = "<group>";
		};
		03D5986829B1D98300509772 /* Presenter */ = {
			isa = PBXGroup;
			children = (
				03D5986C29B1DC0400509772 /* HomePresenter.swift */,
			);
			path = Presenter;
			sourceTree = "<group>";
		};
		03D5986929B1D9A500509772 /* Provider */ = {
			isa = PBXGroup;
			children = (
				03D5986A29B1D9BD00509772 /* HomeProvider.swift */,
				03D5987229D56F9200509772 /* HomeProvideMock.swift */,
			);
			path = Provider;
			sourceTree = "<group>";
		};
		03D5987429D56FBA00509772 /* Mock */ = {
			isa = PBXGroup;
			children = (
				03D5987729D571D500509772 /* Channel.json */,
				03D5987929D571FB00509772 /* PlayList.json */,
				03D5987B29D5722700509772 /* PlayListItems.json */,
				03D5987D29D5724D00509772 /* SearchVideos.json */,
				03D5987F29D5737200509772 /* VideoOnlyOne.json */,
			);
			path = Mock;
			sourceTree = "<group>";
		};
/* End PBXGroup section */

/* Begin PBXNativeTarget section */
		03D5982129AB060600509772 /* YoutubeClone */ = {
			isa = PBXNativeTarget;
			buildConfigurationList = 03D5983629AB060B00509772 /* Build configuration list for PBXNativeTarget "YoutubeClone" */;
			buildPhases = (
				03D5981E29AB060600509772 /* Sources */,
				03D5981F29AB060600509772 /* Frameworks */,
				03D5982029AB060600509772 /* Resources */,
			);
			buildRules = (
			);
			dependencies = (
			);
			name = YoutubeClone;
			productName = YoutubeClone;
			productReference = 03D5982229AB060600509772 /* YoutubeClone.app */;
			productType = "com.apple.product-type.application";
		};
/* End PBXNativeTarget section */

/* Begin PBXProject section */
		03D5981A29AB060600509772 /* Project object */ = {
			isa = PBXProject;
			attributes = {
				BuildIndependentTargetsInParallel = 1;
				LastSwiftUpdateCheck = 1300;
				LastUpgradeCheck = 1300;
				TargetAttributes = {
					03D5982129AB060600509772 = {
						CreatedOnToolsVersion = 13.0;
					};
				};
			};
			buildConfigurationList = 03D5981D29AB060600509772 /* Build configuration list for PBXProject "YoutubeClone" */;
			compatibilityVersion = "Xcode 13.0";
			developmentRegion = en;
			hasScannedForEncodings = 0;
			knownRegions = (
				en,
				Base,
			);
			mainGroup = 03D5981929AB060600509772;
			productRefGroup = 03D5982329AB060600509772 /* Products */;
			projectDirPath = "";
			projectRoot = "";
			targets = (
				03D5982129AB060600509772 /* YoutubeClone */,
			);
		};
/* End PBXProject section */

/* Begin PBXResourcesBuildPhase section */
		03D5982029AB060600509772 /* Resources */ = {
			isa = PBXResourcesBuildPhase;
			buildActionMask = 2147483647;
			files = (
				03D5983229AB060B00509772 /* LaunchScreen.storyboard in Resources */,
				03D5987E29D5724D00509772 /* SearchVideos.json in Resources */,
				03D5987829D571D500509772 /* Channel.json in Resources */,
				03D5982F29AB060B00509772 /* Assets.xcassets in Resources */,
				03D5985B29B1C8B700509772 /* AboutViewController.xib in Resources */,
				03D5984F29B1C88800509772 /* VideosViewController.xib in Resources */,
				03D5988029D5737200509772 /* VideoOnlyOne.json in Resources */,
				03D5982D29AB060600509772 /* Main.storyboard in Resources */,
				03D5985329B1C89800509772 /* PlayListViewController.xib in Resources */,
				03D5987A29D571FB00509772 /* PlayList.json in Resources */,
				03D5984B29B1C86E00509772 /* HomeViewController.xib in Resources */,
				03D5987C29D5722700509772 /* PlayListItems.json in Resources */,
				03D5985729B1C8A800509772 /* ChannelsViewController.xib in Resources */,
			);
			runOnlyForDeploymentPostprocessing = 0;
		};
/* End PBXResourcesBuildPhase section */

/* Begin PBXSourcesBuildPhase section */
		03D5981E29AB060600509772 /* Sources */ = {
			isa = PBXSourcesBuildPhase;
			buildActionMask = 2147483647;
			files = (
				03D5985229B1C89800509772 /* PlayListViewController.swift in Sources */,
				03D5986029B1D1CA00509772 /* NetworkError.swift in Sources */,
				03D5984E29B1C88800509772 /* VideosViewController.swift in Sources */,
				03D5984229B1C63500509772 /* MainViewController.swift in Sources */,
				03D5987129B1E4BA00509772 /* PlaylistItemsModel.swift in Sources */,
				03D5982A29AB060600509772 /* ViewController.swift in Sources */,
				03D5986229B1D29600509772 /* RequestModel.swift in Sources */,
				03D5987629D56FD100509772 /* Utils.swift in Sources */,
				03D5985E29B1D19600509772 /* ServiceLayer.swift in Sources */,
				03D5986529B1D3EC00509772 /* Constants.swift in Sources */,
				03D5983B29B0040A00509772 /* PlaylistModel.swift in Sources */,
				03D5988329D5781800509772 /* MockManager.swift in Sources */,
				03D5985629B1C8A800509772 /* ChannelsViewController.swift in Sources */,
				03D5985A29B1C8B700509772 /* AboutViewController.swift in Sources */,
				03D5984A29B1C86E00509772 /* HomeViewController.swift in Sources */,
				03D5987329D56F9300509772 /* HomeProvideMock.swift in Sources */,
				03D5982629AB060600509772 /* AppDelegate.swift in Sources */,
				03D5984029B1C61F00509772 /* RootPageViewController.swift in Sources */,
				03D5986B29B1D9BD00509772 /* HomeProvider.swift in Sources */,
				03D5986D29B1DC0400509772 /* HomePresenter.swift in Sources */,
				03D5983D29B1BFFE00509772 /* VideoModel.swift in Sources */,
				03D5986F29B1E20B00509772 /* ChannelModel.swift in Sources */,
				03D5982829AB060600509772 /* SceneDelegate.swift in Sources */,
			);
			runOnlyForDeploymentPostprocessing = 0;
		};
/* End PBXSourcesBuildPhase section */

/* Begin PBXVariantGroup section */
		03D5982B29AB060600509772 /* Main.storyboard */ = {
			isa = PBXVariantGroup;
			children = (
				03D5982C29AB060600509772 /* Base */,
			);
			name = Main.storyboard;
			sourceTree = "<group>";
		};
		03D5983029AB060B00509772 /* LaunchScreen.storyboard */ = {
			isa = PBXVariantGroup;
			children = (
				03D5983129AB060B00509772 /* Base */,
			);
			name = LaunchScreen.storyboard;
			sourceTree = "<group>";
		};
/* End PBXVariantGroup section */

/* Begin XCBuildConfiguration section */
		03D5983429AB060B00509772 /* Debug */ = {
			isa = XCBuildConfiguration;
			buildSettings = {
				ALWAYS_SEARCH_USER_PATHS = NO;
				CLANG_ANALYZER_NONNULL = YES;
				CLANG_ANALYZER_NUMBER_OBJECT_CONVERSION = YES_AGGRESSIVE;
				CLANG_CXX_LANGUAGE_STANDARD = "gnu++17";
				CLANG_CXX_LIBRARY = "libc++";
				CLANG_ENABLE_MODULES = YES;
				CLANG_ENABLE_OBJC_ARC = YES;
				CLANG_ENABLE_OBJC_WEAK = YES;
				CLANG_WARN_BLOCK_CAPTURE_AUTORELEASING = YES;
				CLANG_WARN_BOOL_CONVERSION = YES;
				CLANG_WARN_COMMA = YES;
				CLANG_WARN_CONSTANT_CONVERSION = YES;
				CLANG_WARN_DEPRECATED_OBJC_IMPLEMENTATIONS = YES;
				CLANG_WARN_DIRECT_OBJC_ISA_USAGE = YES_ERROR;
				CLANG_WARN_DOCUMENTATION_COMMENTS = YES;
				CLANG_WARN_EMPTY_BODY = YES;
				CLANG_WARN_ENUM_CONVERSION = YES;
				CLANG_WARN_INFINITE_RECURSION = YES;
				CLANG_WARN_INT_CONVERSION = YES;
				CLANG_WARN_NON_LITERAL_NULL_CONVERSION = YES;
				CLANG_WARN_OBJC_IMPLICIT_RETAIN_SELF = YES;
				CLANG_WARN_OBJC_LITERAL_CONVERSION = YES;
				CLANG_WARN_OBJC_ROOT_CLASS = YES_ERROR;
				CLANG_WARN_QUOTED_INCLUDE_IN_FRAMEWORK_HEADER = YES;
				CLANG_WARN_RANGE_LOOP_ANALYSIS = YES;
				CLANG_WARN_STRICT_PROTOTYPES = YES;
				CLANG_WARN_SUSPICIOUS_MOVE = YES;
				CLANG_WARN_UNGUARDED_AVAILABILITY = YES_AGGRESSIVE;
				CLANG_WARN_UNREACHABLE_CODE = YES;
				CLANG_WARN__DUPLICATE_METHOD_MATCH = YES;
				COPY_PHASE_STRIP = NO;
				DEBUG_INFORMATION_FORMAT = dwarf;
				ENABLE_STRICT_OBJC_MSGSEND = YES;
				ENABLE_TESTABILITY = YES;
				GCC_C_LANGUAGE_STANDARD = gnu11;
				GCC_DYNAMIC_NO_PIC = NO;
				GCC_NO_COMMON_BLOCKS = YES;
				GCC_OPTIMIZATION_LEVEL = 0;
				GCC_PREPROCESSOR_DEFINITIONS = (
					"DEBUG=1",
					"$(inherited)",
				);
				GCC_WARN_64_TO_32_BIT_CONVERSION = YES;
				GCC_WARN_ABOUT_RETURN_TYPE = YES_ERROR;
				GCC_WARN_UNDECLARED_SELECTOR = YES;
				GCC_WARN_UNINITIALIZED_AUTOS = YES_AGGRESSIVE;
				GCC_WARN_UNUSED_FUNCTION = YES;
				GCC_WARN_UNUSED_VARIABLE = YES;
				IPHONEOS_DEPLOYMENT_TARGET = 15.0;
				MTL_ENABLE_DEBUG_INFO = INCLUDE_SOURCE;
				MTL_FAST_MATH = YES;
				ONLY_ACTIVE_ARCH = YES;
				SDKROOT = iphoneos;
				SWIFT_ACTIVE_COMPILATION_CONDITIONS = DEBUG;
				SWIFT_OPTIMIZATION_LEVEL = "-Onone";
			};
			name = Debug;
		};
		03D5983529AB060B00509772 /* Release */ = {
			isa = XCBuildConfiguration;
			buildSettings = {
				ALWAYS_SEARCH_USER_PATHS = NO;
				CLANG_ANALYZER_NONNULL = YES;
				CLANG_ANALYZER_NUMBER_OBJECT_CONVERSION = YES_AGGRESSIVE;
				CLANG_CXX_LANGUAGE_STANDARD = "gnu++17";
				CLANG_CXX_LIBRARY = "libc++";
				CLANG_ENABLE_MODULES = YES;
				CLANG_ENABLE_OBJC_ARC = YES;
				CLANG_ENABLE_OBJC_WEAK = YES;
				CLANG_WARN_BLOCK_CAPTURE_AUTORELEASING = YES;
				CLANG_WARN_BOOL_CONVERSION = YES;
				CLANG_WARN_COMMA = YES;
				CLANG_WARN_CONSTANT_CONVERSION = YES;
				CLANG_WARN_DEPRECATED_OBJC_IMPLEMENTATIONS = YES;
				CLANG_WARN_DIRECT_OBJC_ISA_USAGE = YES_ERROR;
				CLANG_WARN_DOCUMENTATION_COMMENTS = YES;
				CLANG_WARN_EMPTY_BODY = YES;
				CLANG_WARN_ENUM_CONVERSION = YES;
				CLANG_WARN_INFINITE_RECURSION = YES;
				CLANG_WARN_INT_CONVERSION = YES;
				CLANG_WARN_NON_LITERAL_NULL_CONVERSION = YES;
				CLANG_WARN_OBJC_IMPLICIT_RETAIN_SELF = YES;
				CLANG_WARN_OBJC_LITERAL_CONVERSION = YES;
				CLANG_WARN_OBJC_ROOT_CLASS = YES_ERROR;
				CLANG_WARN_QUOTED_INCLUDE_IN_FRAMEWORK_HEADER = YES;
				CLANG_WARN_RANGE_LOOP_ANALYSIS = YES;
				CLANG_WARN_STRICT_PROTOTYPES = YES;
				CLANG_WARN_SUSPICIOUS_MOVE = YES;
				CLANG_WARN_UNGUARDED_AVAILABILITY = YES_AGGRESSIVE;
				CLANG_WARN_UNREACHABLE_CODE = YES;
				CLANG_WARN__DUPLICATE_METHOD_MATCH = YES;
				COPY_PHASE_STRIP = NO;
				DEBUG_INFORMATION_FORMAT = "dwarf-with-dsym";
				ENABLE_NS_ASSERTIONS = NO;
				ENABLE_STRICT_OBJC_MSGSEND = YES;
				GCC_C_LANGUAGE_STANDARD = gnu11;
				GCC_NO_COMMON_BLOCKS = YES;
				GCC_WARN_64_TO_32_BIT_CONVERSION = YES;
				GCC_WARN_ABOUT_RETURN_TYPE = YES_ERROR;
				GCC_WARN_UNDECLARED_SELECTOR = YES;
				GCC_WARN_UNINITIALIZED_AUTOS = YES_AGGRESSIVE;
				GCC_WARN_UNUSED_FUNCTION = YES;
				GCC_WARN_UNUSED_VARIABLE = YES;
				IPHONEOS_DEPLOYMENT_TARGET = 15.0;
				MTL_ENABLE_DEBUG_INFO = NO;
				MTL_FAST_MATH = YES;
				SDKROOT = iphoneos;
				SWIFT_COMPILATION_MODE = wholemodule;
				SWIFT_OPTIMIZATION_LEVEL = "-O";
				VALIDATE_PRODUCT = YES;
			};
			name = Release;
		};
		03D5983729AB060B00509772 /* Debug */ = {
			isa = XCBuildConfiguration;
			buildSettings = {
				ASSETCATALOG_COMPILER_APPICON_NAME = AppIcon;
				ASSETCATALOG_COMPILER_GLOBAL_ACCENT_COLOR_NAME = AccentColor;
				CODE_SIGN_STYLE = Automatic;
				CURRENT_PROJECT_VERSION = 1;
				DEVELOPMENT_TEAM = Z4A4QZN3FC;
				GENERATE_INFOPLIST_FILE = YES;
				INFOPLIST_FILE = YoutubeClone/Info.plist;
				INFOPLIST_KEY_UIApplicationSupportsIndirectInputEvents = YES;
				INFOPLIST_KEY_UILaunchStoryboardName = LaunchScreen;
				INFOPLIST_KEY_UIMainStoryboardFile = Main;
				INFOPLIST_KEY_UISupportedInterfaceOrientations_iPad = "UIInterfaceOrientationPortrait UIInterfaceOrientationPortraitUpsideDown UIInterfaceOrientationLandscapeLeft UIInterfaceOrientationLandscapeRight";
				INFOPLIST_KEY_UISupportedInterfaceOrientations_iPhone = "UIInterfaceOrientationPortrait UIInterfaceOrientationLandscapeLeft UIInterfaceOrientationLandscapeRight";
				LD_RUNPATH_SEARCH_PATHS = (
					"$(inherited)",
					"@executable_path/Frameworks",
				);
				MARKETING_VERSION = 1.0;
				PRODUCT_BUNDLE_IDENTIFIER = nuevo.miguel.YoutubeClone;
				PRODUCT_NAME = "$(TARGET_NAME)";
				SWIFT_EMIT_LOC_STRINGS = YES;
				SWIFT_VERSION = 5.0;
				TARGETED_DEVICE_FAMILY = "1,2";
			};
			name = Debug;
		};
		03D5983829AB060B00509772 /* Release */ = {
			isa = XCBuildConfiguration;
			buildSettings = {
				ASSETCATALOG_COMPILER_APPICON_NAME = AppIcon;
				ASSETCATALOG_COMPILER_GLOBAL_ACCENT_COLOR_NAME = AccentColor;
				CODE_SIGN_STYLE = Automatic;
				CURRENT_PROJECT_VERSION = 1;
				DEVELOPMENT_TEAM = Z4A4QZN3FC;
				GENERATE_INFOPLIST_FILE = YES;
				INFOPLIST_FILE = YoutubeClone/Info.plist;
				INFOPLIST_KEY_UIApplicationSupportsIndirectInputEvents = YES;
				INFOPLIST_KEY_UILaunchStoryboardName = LaunchScreen;
				INFOPLIST_KEY_UIMainStoryboardFile = Main;
				INFOPLIST_KEY_UISupportedInterfaceOrientations_iPad = "UIInterfaceOrientationPortrait UIInterfaceOrientationPortraitUpsideDown UIInterfaceOrientationLandscapeLeft UIInterfaceOrientationLandscapeRight";
				INFOPLIST_KEY_UISupportedInterfaceOrientations_iPhone = "UIInterfaceOrientationPortrait UIInterfaceOrientationLandscapeLeft UIInterfaceOrientationLandscapeRight";
				LD_RUNPATH_SEARCH_PATHS = (
					"$(inherited)",
					"@executable_path/Frameworks",
				);
				MARKETING_VERSION = 1.0;
				PRODUCT_BUNDLE_IDENTIFIER = nuevo.miguel.YoutubeClone;
				PRODUCT_NAME = "$(TARGET_NAME)";
				SWIFT_EMIT_LOC_STRINGS = YES;
				SWIFT_VERSION = 5.0;
				TARGETED_DEVICE_FAMILY = "1,2";
			};
			name = Release;
		};
/* End XCBuildConfiguration section */

/* Begin XCConfigurationList section */
		03D5981D29AB060600509772 /* Build configuration list for PBXProject "YoutubeClone" */ = {
			isa = XCConfigurationList;
			buildConfigurations = (
				03D5983429AB060B00509772 /* Debug */,
				03D5983529AB060B00509772 /* Release */,
			);
			defaultConfigurationIsVisible = 0;
			defaultConfigurationName = Release;
		};
		03D5983629AB060B00509772 /* Build configuration list for PBXNativeTarget "YoutubeClone" */ = {
			isa = XCConfigurationList;
			buildConfigurations = (
				03D5983729AB060B00509772 /* Debug */,
				03D5983829AB060B00509772 /* Release */,
			);
			defaultConfigurationIsVisible = 0;
			defaultConfigurationName = Release;
		};
/* End XCConfigurationList section */
	};
	rootObject = 03D5981A29AB060600509772 /* Project object */;
}
